// !$*UTF8*$!
{
	archiveVersion = 1;
	classes = {
	};
	objectVersion = 46;
	objects = {

/* Begin PBXBuildFile section */
		239EF92463DC1A75F76D42E0 /* Pods_youtube_iosTests.framework in Frameworks */ = {isa = PBXBuildFile; fileRef = FB4CDFC342307C3D85807D85 /* Pods_youtube_iosTests.framework */; };
		6B49042C9808414F58F25F5E /* Pods_youtube_ios.framework in Frameworks */ = {isa = PBXBuildFile; fileRef = 7F9E178E3F2DA203E5221140 /* Pods_youtube_ios.framework */; };
		9C958A1D1F9932A7008F7839 /* AppDelegate.swift in Sources */ = {isa = PBXBuildFile; fileRef = 9C958A1C1F9932A7008F7839 /* AppDelegate.swift */; };
		9C958A1F1F9932A7008F7839 /* MainVC.swift in Sources */ = {isa = PBXBuildFile; fileRef = 9C958A1E1F9932A7008F7839 /* MainVC.swift */; };
		9C958A221F9932A7008F7839 /* Main.storyboard in Resources */ = {isa = PBXBuildFile; fileRef = 9C958A201F9932A7008F7839 /* Main.storyboard */; };
		9C958A241F9932A7008F7839 /* Assets.xcassets in Resources */ = {isa = PBXBuildFile; fileRef = 9C958A231F9932A7008F7839 /* Assets.xcassets */; };
		9C958A271F9932A7008F7839 /* LaunchScreen.storyboard in Resources */ = {isa = PBXBuildFile; fileRef = 9C958A251F9932A7008F7839 /* LaunchScreen.storyboard */; };
		9C958A321F9932A7008F7839 /* youtube_iosTests.swift in Sources */ = {isa = PBXBuildFile; fileRef = 9C958A311F9932A7008F7839 /* youtube_iosTests.swift */; };
		9C958A421F994648008F7839 /* VideoVC.swift in Sources */ = {isa = PBXBuildFile; fileRef = 9C958A411F994647008F7839 /* VideoVC.swift */; };
		9C958A461F9E2E2F008F7839 /* VideoCell.swift in Sources */ = {isa = PBXBuildFile; fileRef = 9C958A451F9E2E2E008F7839 /* VideoCell.swift */; };
/* End PBXBuildFile section */

/* Begin PBXContainerItemProxy section */
		9C958A2E1F9932A7008F7839 /* PBXContainerItemProxy */ = {
			isa = PBXContainerItemProxy;
			containerPortal = 9C958A111F9932A7008F7839 /* Project object */;
			proxyType = 1;
			remoteGlobalIDString = 9C958A181F9932A7008F7839;
			remoteInfo = youtube_ios;
		};
/* End PBXContainerItemProxy section */

/* Begin PBXFileReference section */
		21D6679B337EE06B071F727F /* Pods-youtube_ios.release.xcconfig */ = {isa = PBXFileReference; includeInIndex = 1; lastKnownFileType = text.xcconfig; name = "Pods-youtube_ios.release.xcconfig"; path = "Pods/Target Support Files/Pods-youtube_ios/Pods-youtube_ios.release.xcconfig"; sourceTree = "<group>"; };
		7F9E178E3F2DA203E5221140 /* Pods_youtube_ios.framework */ = {isa = PBXFileReference; explicitFileType = wrapper.framework; includeInIndex = 0; path = Pods_youtube_ios.framework; sourceTree = BUILT_PRODUCTS_DIR; };
		9C958A191F9932A7008F7839 /* youtube_ios.app */ = {isa = PBXFileReference; explicitFileType = wrapper.application; includeInIndex = 0; path = youtube_ios.app; sourceTree = BUILT_PRODUCTS_DIR; };
		9C958A1C1F9932A7008F7839 /* AppDelegate.swift */ = {isa = PBXFileReference; lastKnownFileType = sourcecode.swift; path = AppDelegate.swift; sourceTree = "<group>"; };
		9C958A1E1F9932A7008F7839 /* MainVC.swift */ = {isa = PBXFileReference; lastKnownFileType = sourcecode.swift; path = MainVC.swift; sourceTree = "<group>"; };
		9C958A211F9932A7008F7839 /* Base */ = {isa = PBXFileReference; lastKnownFileType = file.storyboard; name = Base; path = Base.lproj/Main.storyboard; sourceTree = "<group>"; };
		9C958A231F9932A7008F7839 /* Assets.xcassets */ = {isa = PBXFileReference; lastKnownFileType = folder.assetcatalog; path = Assets.xcassets; sourceTree = "<group>"; };
		9C958A261F9932A7008F7839 /* Base */ = {isa = PBXFileReference; lastKnownFileType = file.storyboard; name = Base; path = Base.lproj/LaunchScreen.storyboard; sourceTree = "<group>"; };
		9C958A281F9932A7008F7839 /* Info.plist */ = {isa = PBXFileReference; lastKnownFileType = text.plist.xml; path = Info.plist; sourceTree = "<group>"; };
		9C958A2D1F9932A7008F7839 /* youtube_iosTests.xctest */ = {isa = PBXFileReference; explicitFileType = wrapper.cfbundle; includeInIndex = 0; path = youtube_iosTests.xctest; sourceTree = BUILT_PRODUCTS_DIR; };
		9C958A311F9932A7008F7839 /* youtube_iosTests.swift */ = {isa = PBXFileReference; lastKnownFileType = sourcecode.swift; path = youtube_iosTests.swift; sourceTree = "<group>"; };
		9C958A331F9932A7008F7839 /* Info.plist */ = {isa = PBXFileReference; lastKnownFileType = text.plist.xml; path = Info.plist; sourceTree = "<group>"; };
		9C958A411F994647008F7839 /* VideoVC.swift */ = {isa = PBXFileReference; fileEncoding = 4; lastKnownFileType = sourcecode.swift; path = VideoVC.swift; sourceTree = "<group>"; };
		9C958A451F9E2E2E008F7839 /* VideoCell.swift */ = {isa = PBXFileReference; fileEncoding = 4; lastKnownFileType = sourcecode.swift; path = VideoCell.swift; sourceTree = "<group>"; };
		BB440F178F60FCCE082C0C47 /* Pods-youtube_iosTests.debug.xcconfig */ = {isa = PBXFileReference; includeInIndex = 1; lastKnownFileType = text.xcconfig; name = "Pods-youtube_iosTests.debug.xcconfig"; path = "Pods/Target Support Files/Pods-youtube_iosTests/Pods-youtube_iosTests.debug.xcconfig"; sourceTree = "<group>"; };
		C451A102D1B02FD72D5F4E79 /* Pods-youtube_ios.debug.xcconfig */ = {isa = PBXFileReference; includeInIndex = 1; lastKnownFileType = text.xcconfig; name = "Pods-youtube_ios.debug.xcconfig"; path = "Pods/Target Support Files/Pods-youtube_ios/Pods-youtube_ios.debug.xcconfig"; sourceTree = "<group>"; };
		E82FA0CCCC7DFB5ED4803C83 /* Pods-youtube_iosTests.release.xcconfig */ = {isa = PBXFileReference; includeInIndex = 1; lastKnownFileType = text.xcconfig; name = "Pods-youtube_iosTests.release.xcconfig"; path = "Pods/Target Support Files/Pods-youtube_iosTests/Pods-youtube_iosTests.release.xcconfig"; sourceTree = "<group>"; };
		FB4CDFC342307C3D85807D85 /* Pods_youtube_iosTests.framework */ = {isa = PBXFileReference; explicitFileType = wrapper.framework; includeInIndex = 0; path = Pods_youtube_iosTests.framework; sourceTree = BUILT_PRODUCTS_DIR; };
/* End PBXFileReference section */

/* Begin PBXFrameworksBuildPhase section */
		9C958A161F9932A7008F7839 /* Frameworks */ = {
			isa = PBXFrameworksBuildPhase;
			buildActionMask = 2147483647;
			files = (
				6B49042C9808414F58F25F5E /* Pods_youtube_ios.framework in Frameworks */,
			);
			runOnlyForDeploymentPostprocessing = 0;
		};
		9C958A2A1F9932A7008F7839 /* Frameworks */ = {
			isa = PBXFrameworksBuildPhase;
			buildActionMask = 2147483647;
			files = (
				239EF92463DC1A75F76D42E0 /* Pods_youtube_iosTests.framework in Frameworks */,
			);
			runOnlyForDeploymentPostprocessing = 0;
		};
/* End PBXFrameworksBuildPhase section */

/* Begin PBXGroup section */
		26214D366D2EFCF5BF572F20 /* Pods */ = {
			isa = PBXGroup;
			children = (
				C451A102D1B02FD72D5F4E79 /* Pods-youtube_ios.debug.xcconfig */,
				21D6679B337EE06B071F727F /* Pods-youtube_ios.release.xcconfig */,
				BB440F178F60FCCE082C0C47 /* Pods-youtube_iosTests.debug.xcconfig */,
				E82FA0CCCC7DFB5ED4803C83 /* Pods-youtube_iosTests.release.xcconfig */,
			);
			name = Pods;
			sourceTree = "<group>";
		};
		64A83DE3FB9C8821340BE85B /* Frameworks */ = {
			isa = PBXGroup;
			children = (
				7F9E178E3F2DA203E5221140 /* Pods_youtube_ios.framework */,
				FB4CDFC342307C3D85807D85 /* Pods_youtube_iosTests.framework */,
			);
			name = Frameworks;
			sourceTree = "<group>";
		};
		9C958A101F9932A7008F7839 = {
			isa = PBXGroup;
			children = (
				9C958A1B1F9932A7008F7839 /* youtube_ios */,
				9C958A301F9932A7008F7839 /* youtube_iosTests */,
				9C958A1A1F9932A7008F7839 /* Products */,
				26214D366D2EFCF5BF572F20 /* Pods */,
				64A83DE3FB9C8821340BE85B /* Frameworks */,
			);
			sourceTree = "<group>";
		};
		9C958A1A1F9932A7008F7839 /* Products */ = {
			isa = PBXGroup;
			children = (
				9C958A191F9932A7008F7839 /* youtube_ios.app */,
				9C958A2D1F9932A7008F7839 /* youtube_iosTests.xctest */,
			);
			name = Products;
			sourceTree = "<group>";
		};
		9C958A1B1F9932A7008F7839 /* youtube_ios */ = {
			isa = PBXGroup;
			children = (
				9C958A3E1F9932C7008F7839 /* Controller */,
				9C958A3D1F9932BF008F7839 /* View */,
				9C958A3C1F9932B5008F7839 /* Model */,
				9C958A1C1F9932A7008F7839 /* AppDelegate.swift */,
				9C958A1E1F9932A7008F7839 /* MainVC.swift */,
				9C958A201F9932A7008F7839 /* Main.storyboard */,
				9C958A231F9932A7008F7839 /* Assets.xcassets */,
				9C958A251F9932A7008F7839 /* LaunchScreen.storyboard */,
				9C958A281F9932A7008F7839 /* Info.plist */,
				9C958A411F994647008F7839 /* VideoVC.swift */,
				9C958A451F9E2E2E008F7839 /* VideoCell.swift */,
			);
			path = youtube_ios;
			sourceTree = "<group>";
		};
		9C958A301F9932A7008F7839 /* youtube_iosTests */ = {
			isa = PBXGroup;
			children = (
				9C958A311F9932A7008F7839 /* youtube_iosTests.swift */,
				9C958A331F9932A7008F7839 /* Info.plist */,
			);
			path = youtube_iosTests;
			sourceTree = "<group>";
		};
		9C958A3C1F9932B5008F7839 /* Model */ = {
			isa = PBXGroup;
			children = (
			);
			name = Model;
			sourceTree = "<group>";
		};
		9C958A3D1F9932BF008F7839 /* View */ = {
			isa = PBXGroup;
			children = (
			);
			name = View;
			sourceTree = "<group>";
		};
		9C958A3E1F9932C7008F7839 /* Controller */ = {
			isa = PBXGroup;
			children = (
			);
			name = Controller;
			sourceTree = "<group>";
		};
/* End PBXGroup section */

/* Begin PBXNativeTarget section */
		9C958A181F9932A7008F7839 /* youtube_ios */ = {
			isa = PBXNativeTarget;
			buildConfigurationList = 9C958A361F9932A7008F7839 /* Build configuration list for PBXNativeTarget "youtube_ios" */;
			buildPhases = (
				77FF8F5992DB1073EFC753E1 /* [CP] Check Pods Manifest.lock */,
				9C958A151F9932A7008F7839 /* Sources */,
				9C958A161F9932A7008F7839 /* Frameworks */,
				9C958A171F9932A7008F7839 /* Resources */,
				7B6E0CCEEF6697EFD746B8D4 /* [CP] Embed Pods Frameworks */,
				3F05F158D0CA536394ADF293 /* [CP] Copy Pods Resources */,
			);
			buildRules = (
			);
			dependencies = (
			);
			name = youtube_ios;
			productName = youtube_ios;
			productReference = 9C958A191F9932A7008F7839 /* youtube_ios.app */;
			productType = "com.apple.product-type.application";
		};
		9C958A2C1F9932A7008F7839 /* youtube_iosTests */ = {
			isa = PBXNativeTarget;
			buildConfigurationList = 9C958A391F9932A7008F7839 /* Build configuration list for PBXNativeTarget "youtube_iosTests" */;
			buildPhases = (
				DD94DB650608B1CC77381D58 /* [CP] Check Pods Manifest.lock */,
				9C958A291F9932A7008F7839 /* Sources */,
				9C958A2A1F9932A7008F7839 /* Frameworks */,
				9C958A2B1F9932A7008F7839 /* Resources */,
				5C9D3AA56DF7F7502D00F2E5 /* [CP] Embed Pods Frameworks */,
				190ED3334BC747244C22C8E5 /* [CP] Copy Pods Resources */,
			);
			buildRules = (
			);
			dependencies = (
				9C958A2F1F9932A7008F7839 /* PBXTargetDependency */,
			);
			name = youtube_iosTests;
			productName = youtube_iosTests;
			productReference = 9C958A2D1F9932A7008F7839 /* youtube_iosTests.xctest */;
			productType = "com.apple.product-type.bundle.unit-test";
		};
/* End PBXNativeTarget section */

/* Begin PBXProject section */
		9C958A111F9932A7008F7839 /* Project object */ = {
			isa = PBXProject;
			attributes = {
				LastSwiftUpdateCheck = 0820;
				LastUpgradeCheck = 0820;
				ORGANIZATIONNAME = "Farhan Rahman";
				TargetAttributes = {
					9C958A181F9932A7008F7839 = {
						CreatedOnToolsVersion = 8.2.1;
						ProvisioningStyle = Automatic;
					};
					9C958A2C1F9932A7008F7839 = {
						CreatedOnToolsVersion = 8.2.1;
						ProvisioningStyle = Automatic;
						TestTargetID = 9C958A181F9932A7008F7839;
					};
				};
			};
			buildConfigurationList = 9C958A141F9932A7008F7839 /* Build configuration list for PBXProject "youtube_ios" */;
			compatibilityVersion = "Xcode 3.2";
			developmentRegion = English;
			hasScannedForEncodings = 0;
			knownRegions = (
				en,
				Base,
			);
			mainGroup = 9C958A101F9932A7008F7839;
			productRefGroup = 9C958A1A1F9932A7008F7839 /* Products */;
			projectDirPath = "";
			projectRoot = "";
			targets = (
				9C958A181F9932A7008F7839 /* youtube_ios */,
				9C958A2C1F9932A7008F7839 /* youtube_iosTests */,
			);
		};
/* End PBXProject section */

/* Begin PBXResourcesBuildPhase section */
		9C958A171F9932A7008F7839 /* Resources */ = {
			isa = PBXResourcesBuildPhase;
			buildActionMask = 2147483647;
			files = (
				9C958A271F9932A7008F7839 /* LaunchScreen.storyboard in Resources */,
				9C958A241F9932A7008F7839 /* Assets.xcassets in Resources */,
				9C958A221F9932A7008F7839 /* Main.storyboard in Resources */,
			);
			runOnlyForDeploymentPostprocessing = 0;
		};
		9C958A2B1F9932A7008F7839 /* Resources */ = {
			isa = PBXResourcesBuildPhase;
			buildActionMask = 2147483647;
			files = (
			);
			runOnlyForDeploymentPostprocessing = 0;
		};
/* End PBXResourcesBuildPhase section */

/* Begin PBXShellScriptBuildPhase section */
		190ED3334BC747244C22C8E5 /* [CP] Copy Pods Resources */ = {
			isa = PBXShellScriptBuildPhase;
			buildActionMask = 2147483647;
			files = (
			);
			inputPaths = (
			);
			name = "[CP] Copy Pods Resources";
			outputPaths = (
			);
			runOnlyForDeploymentPostprocessing = 0;
			shellPath = /bin/sh;
			shellScript = "\"${SRCROOT}/Pods/Target Support Files/Pods-youtube_iosTests/Pods-youtube_iosTests-resources.sh\"\n";
			showEnvVarsInLog = 0;
		};
		3F05F158D0CA536394ADF293 /* [CP] Copy Pods Resources */ = {
			isa = PBXShellScriptBuildPhase;
			buildActionMask = 2147483647;
			files = (
			);
			inputPaths = (
			);
			name = "[CP] Copy Pods Resources";
			outputPaths = (
			);
			runOnlyForDeploymentPostprocessing = 0;
			shellPath = /bin/sh;
			shellScript = "\"${SRCROOT}/Pods/Target Support Files/Pods-youtube_ios/Pods-youtube_ios-resources.sh\"\n";
			showEnvVarsInLog = 0;
		};
		5C9D3AA56DF7F7502D00F2E5 /* [CP] Embed Pods Frameworks */ = {
			isa = PBXShellScriptBuildPhase;
			buildActionMask = 2147483647;
			files = (
			);
			inputPaths = (
			);
			name = "[CP] Embed Pods Frameworks";
			outputPaths = (
			);
			runOnlyForDeploymentPostprocessing = 0;
			shellPath = /bin/sh;
			shellScript = "\"${SRCROOT}/Pods/Target Support Files/Pods-youtube_iosTests/Pods-youtube_iosTests-frameworks.sh\"\n";
			showEnvVarsInLog = 0;
		};
		77FF8F5992DB1073EFC753E1 /* [CP] Check Pods Manifest.lock */ = {
			isa = PBXShellScriptBuildPhase;
			buildActionMask = 2147483647;
			files = (
			);
			inputPaths = (
			);
			name = "[CP] Check Pods Manifest.lock";
			outputPaths = (
			);
			runOnlyForDeploymentPostprocessing = 0;
			shellPath = /bin/sh;
			shellScript = "diff \"${PODS_ROOT}/../Podfile.lock\" \"${PODS_ROOT}/Manifest.lock\" > /dev/null\nif [ $? != 0 ] ; then\n    # print error to STDERR\n    echo \"error: The sandbox is not in sync with the Podfile.lock. Run 'pod install' or update your CocoaPods installation.\" >&2\n    exit 1\nfi\n";
			showEnvVarsInLog = 0;
		};
		7B6E0CCEEF6697EFD746B8D4 /* [CP] Embed Pods Frameworks */ = {
			isa = PBXShellScriptBuildPhase;
			buildActionMask = 2147483647;
			files = (
			);
			inputPaths = (
			);
			name = "[CP] Embed Pods Frameworks";
			outputPaths = (
			);
			runOnlyForDeploymentPostprocessing = 0;
			shellPath = /bin/sh;
			shellScript = "\"${SRCROOT}/Pods/Target Support Files/Pods-youtube_ios/Pods-youtube_ios-frameworks.sh\"\n";
			showEnvVarsInLog = 0;
		};
		DD94DB650608B1CC77381D58 /* [CP] Check Pods Manifest.lock */ = {
			isa = PBXShellScriptBuildPhase;
			buildActionMask = 2147483647;
			files = (
			);
			inputPaths = (
			);
			name = "[CP] Check Pods Manifest.lock";
			outputPaths = (
			);
			runOnlyForDeploymentPostprocessing = 0;
			shellPath = /bin/sh;
			shellScript = "diff \"${PODS_ROOT}/../Podfile.lock\" \"${PODS_ROOT}/Manifest.lock\" > /dev/null\nif [ $? != 0 ] ; then\n    # print error to STDERR\n    echo \"error: The sandbox is not in sync with the Podfile.lock. Run 'pod install' or update your CocoaPods installation.\" >&2\n    exit 1\nfi\n";
			showEnvVarsInLog = 0;
		};
/* End PBXShellScriptBuildPhase section */

/* Begin PBXSourcesBuildPhase section */
		9C958A151F9932A7008F7839 /* Sources */ = {
			isa = PBXSourcesBuildPhase;
			buildActionMask = 2147483647;
			files = (
				9C958A461F9E2E2F008F7839 /* VideoCell.swift in Sources */,
				9C958A421F994648008F7839 /* VideoVC.swift in Sources */,
				9C958A1F1F9932A7008F7839 /* MainVC.swift in Sources */,
				9C958A1D1F9932A7008F7839 /* AppDelegate.swift in Sources */,
			);
			runOnlyForDeploymentPostprocessing = 0;
		};
		9C958A291F9932A7008F7839 /* Sources */ = {
			isa = PBXSourcesBuildPhase;
			buildActionMask = 2147483647;
			files = (
				9C958A321F9932A7008F7839 /* youtube_iosTests.swift in Sources */,
			);
			runOnlyForDeploymentPostprocessing = 0;
		};
/* End PBXSourcesBuildPhase section */

/* Begin PBXTargetDependency section */
		9C958A2F1F9932A7008F7839 /* PBXTargetDependency */ = {
			isa = PBXTargetDependency;
			target = 9C958A181F9932A7008F7839 /* youtube_ios */;
			targetProxy = 9C958A2E1F9932A7008F7839 /* PBXContainerItemProxy */;
		};
/* End PBXTargetDependency section */

/* Begin PBXVariantGroup section */
		9C958A201F9932A7008F7839 /* Main.storyboard */ = {
			isa = PBXVariantGroup;
			children = (
				9C958A211F9932A7008F7839 /* Base */,
			);
			name = Main.storyboard;
			sourceTree = "<group>";
		};
		9C958A251F9932A7008F7839 /* LaunchScreen.storyboard */ = {
			isa = PBXVariantGroup;
			children = (
				9C958A261F9932A7008F7839 /* Base */,
			);
			name = LaunchScreen.storyboard;
			sourceTree = "<group>";
		};
/* End PBXVariantGroup section */

/* Begin XCBuildConfiguration section */
		9C958A341F9932A7008F7839 /* Debug */ = {
			isa = XCBuildConfiguration;
			buildSettings = {
				ALWAYS_SEARCH_USER_PATHS = NO;
				CLANG_ANALYZER_NONNULL = YES;
				CLANG_CXX_LANGUAGE_STANDARD = "gnu++0x";
				CLANG_CXX_LIBRARY = "libc++";
				CLANG_ENABLE_MODULES = YES;
				CLANG_ENABLE_OBJC_ARC = YES;
				CLANG_WARN_BOOL_CONVERSION = YES;
				CLANG_WARN_CONSTANT_CONVERSION = YES;
				CLANG_WARN_DIRECT_OBJC_ISA_USAGE = YES_ERROR;
				CLANG_WARN_DOCUMENTATION_COMMENTS = YES;
				CLANG_WARN_EMPTY_BODY = YES;
				CLANG_WARN_ENUM_CONVERSION = YES;
				CLANG_WARN_INFINITE_RECURSION = YES;
				CLANG_WARN_INT_CONVERSION = YES;
				CLANG_WARN_OBJC_ROOT_CLASS = YES_ERROR;
				CLANG_WARN_SUSPICIOUS_MOVE = YES;
				CLANG_WARN_UNREACHABLE_CODE = YES;
				CLANG_WARN__DUPLICATE_METHOD_MATCH = YES;
				"CODE_SIGN_IDENTITY[sdk=iphoneos*]" = "iPhone Developer";
				COPY_PHASE_STRIP = NO;
				DEBUG_INFORMATION_FORMAT = dwarf;
				ENABLE_STRICT_OBJC_MSGSEND = YES;
				ENABLE_TESTABILITY = YES;
				GCC_C_LANGUAGE_STANDARD = gnu99;
				GCC_DYNAMIC_NO_PIC = NO;
				GCC_NO_COMMON_BLOCKS = YES;
				GCC_OPTIMIZATION_LEVEL = 0;
				GCC_PREPROCESSOR_DEFINITIONS = (
					"DEBUG=1",
					"$(inherited)",
				);
				GCC_WARN_64_TO_32_BIT_CONVERSION = YES;
				GCC_WARN_ABOUT_RETURN_TYPE = YES_ERROR;
				GCC_WARN_UNDECLARED_SELECTOR = YES;
				GCC_WARN_UNINITIALIZED_AUTOS = YES_AGGRESSIVE;
				GCC_WARN_UNUSED_FUNCTION = YES;
				GCC_WARN_UNUSED_VARIABLE = YES;
				IPHONEOS_DEPLOYMENT_TARGET = 10.2;
				MTL_ENABLE_DEBUG_INFO = YES;
				ONLY_ACTIVE_ARCH = YES;
				SDKROOT = iphoneos;
				SWIFT_ACTIVE_COMPILATION_CONDITIONS = DEBUG;
				SWIFT_OPTIMIZATION_LEVEL = "-Onone";
				TARGETED_DEVICE_FAMILY = "1,2";
			};
			name = Debug;
		};
		9C958A351F9932A7008F7839 /* Release */ = {
			isa = XCBuildConfiguration;
			buildSettings = {
				ALWAYS_SEARCH_USER_PATHS = NO;
				CLANG_ANALYZER_NONNULL = YES;
				CLANG_CXX_LANGUAGE_STANDARD = "gnu++0x";
				CLANG_CXX_LIBRARY = "libc++";
				CLANG_ENABLE_MODULES = YES;
				CLANG_ENABLE_OBJC_ARC = YES;
				CLANG_WARN_BOOL_CONVERSION = YES;
				CLANG_WARN_CONSTANT_CONVERSION = YES;
				CLANG_WARN_DIRECT_OBJC_ISA_USAGE = YES_ERROR;
				CLANG_WARN_DOCUMENTATION_COMMENTS = YES;
				CLANG_WARN_EMPTY_BODY = YES;
				CLANG_WARN_ENUM_CONVERSION = YES;
				CLANG_WARN_INFINITE_RECURSION = YES;
				CLANG_WARN_INT_CONVERSION = YES;
				CLANG_WARN_OBJC_ROOT_CLASS = YES_ERROR;
				CLANG_WARN_SUSPICIOUS_MOVE = YES;
				CLANG_WARN_UNREACHABLE_CODE = YES;
				CLANG_WARN__DUPLICATE_METHOD_MATCH = YES;
				"CODE_SIGN_IDENTITY[sdk=iphoneos*]" = "iPhone Developer";
				COPY_PHASE_STRIP = NO;
				DEBUG_INFORMATION_FORMAT = "dwarf-with-dsym";
				ENABLE_NS_ASSERTIONS = NO;
				ENABLE_STRICT_OBJC_MSGSEND = YES;
				GCC_C_LANGUAGE_STANDARD = gnu99;
				GCC_NO_COMMON_BLOCKS = YES;
				GCC_WARN_64_TO_32_BIT_CONVERSION = YES;
				GCC_WARN_ABOUT_RETURN_TYPE = YES_ERROR;
				GCC_WARN_UNDECLARED_SELECTOR = YES;
				GCC_WARN_UNINITIALIZED_AUTOS = YES_AGGRESSIVE;
				GCC_WARN_UNUSED_FUNCTION = YES;
				GCC_WARN_UNUSED_VARIABLE = YES;
				IPHONEOS_DEPLOYMENT_TARGET = 10.2;
				MTL_ENABLE_DEBUG_INFO = NO;
				SDKROOT = iphoneos;
				SWIFT_OPTIMIZATION_LEVEL = "-Owholemodule";
				TARGETED_DEVICE_FAMILY = "1,2";
				VALIDATE_PRODUCT = YES;
			};
			name = Release;
		};
		9C958A371F9932A7008F7839 /* Debug */ = {
			isa = XCBuildConfiguration;
			baseConfigurationReference = C451A102D1B02FD72D5F4E79 /* Pods-youtube_ios.debug.xcconfig */;
			buildSettings = {
				ASSETCATALOG_COMPILER_APPICON_NAME = AppIcon;
				INFOPLIST_FILE = youtube_ios/Info.plist;
				LD_RUNPATH_SEARCH_PATHS = "$(inherited) @executable_path/Frameworks";
				PRODUCT_BUNDLE_IDENTIFIER = "com.example.youtube-ios";
				PRODUCT_NAME = "$(TARGET_NAME)";
				SWIFT_VERSION = 3.0;
			};
			name = Debug;
		};
		9C958A381F9932A7008F7839 /* Release */ = {
			isa = XCBuildConfiguration;
			baseConfigurationReference = 21D6679B337EE06B071F727F /* Pods-youtube_ios.release.xcconfig */;
			buildSettings = {
				ASSETCATALOG_COMPILER_APPICON_NAME = AppIcon;
				INFOPLIST_FILE = youtube_ios/Info.plist;
				LD_RUNPATH_SEARCH_PATHS = "$(inherited) @executable_path/Frameworks";
				PRODUCT_BUNDLE_IDENTIFIER = "com.example.youtube-ios";
				PRODUCT_NAME = "$(TARGET_NAME)";
				SWIFT_VERSION = 3.0;
			};
			name = Release;
		};
		9C958A3A1F9932A7008F7839 /* Debug */ = {
			isa = XCBuildConfiguration;
			baseConfigurationReference = BB440F178F60FCCE082C0C47 /* Pods-youtube_iosTests.debug.xcconfig */;
			buildSettings = {
				ALWAYS_EMBED_SWIFT_STANDARD_LIBRARIES = YES;
				BUNDLE_LOADER = "$(TEST_HOST)";
				INFOPLIST_FILE = youtube_iosTests/Info.plist;
				LD_RUNPATH_SEARCH_PATHS = "$(inherited) @executable_path/Frameworks @loader_path/Frameworks";
				PRODUCT_BUNDLE_IDENTIFIER = "com.example.youtube-iosTests";
				PRODUCT_NAME = "$(TARGET_NAME)";
				SWIFT_VERSION = 3.0;
				TEST_HOST = "$(BUILT_PRODUCTS_DIR)/youtube_ios.app/youtube_ios";
			};
			name = Debug;
		};
		9C958A3B1F9932A7008F7839 /* Release */ = {
			isa = XCBuildConfiguration;
			baseConfigurationReference = E82FA0CCCC7DFB5ED4803C83 /* Pods-youtube_iosTests.release.xcconfig */;
			buildSettings = {
				ALWAYS_EMBED_SWIFT_STANDARD_LIBRARIES = YES;
				BUNDLE_LOADER = "$(TEST_HOST)";
				INFOPLIST_FILE = youtube_iosTests/Info.plist;
				LD_RUNPATH_SEARCH_PATHS = "$(inherited) @executable_path/Frameworks @loader_path/Frameworks";
				PRODUCT_BUNDLE_IDENTIFIER = "com.example.youtube-iosTests";
				PRODUCT_NAME = "$(TARGET_NAME)";
				SWIFT_VERSION = 3.0;
				TEST_HOST = "$(BUILT_PRODUCTS_DIR)/youtube_ios.app/youtube_ios";
			};
			name = Release;
		};
/* End XCBuildConfiguration section */

/* Begin XCConfigurationList section */
		9C958A141F9932A7008F7839 /* Build configuration list for PBXProject "youtube_ios" */ = {
			isa = XCConfigurationList;
			buildConfigurations = (
				9C958A341F9932A7008F7839 /* Debug */,
				9C958A351F9932A7008F7839 /* Release */,
			);
			defaultConfigurationIsVisible = 0;
			defaultConfigurationName = Release;
		};
		9C958A361F9932A7008F7839 /* Build configuration list for PBXNativeTarget "youtube_ios" */ = {
			isa = XCConfigurationList;
			buildConfigurations = (
				9C958A371F9932A7008F7839 /* Debug */,
				9C958A381F9932A7008F7839 /* Release */,
			);
			defaultConfigurationIsVisible = 0;
			defaultConfigurationName = Release;
		};
		9C958A391F9932A7008F7839 /* Build configuration list for PBXNativeTarget "youtube_iosTests" */ = {
			isa = XCConfigurationList;
			buildConfigurations = (
				9C958A3A1F9932A7008F7839 /* Debug */,
				9C958A3B1F9932A7008F7839 /* Release */,
			);
			defaultConfigurationIsVisible = 0;
			defaultConfigurationName = Release;
		};
/* End XCConfigurationList section */
	};
	rootObject = 9C958A111F9932A7008F7839 /* Project object */;
}
